
Microsoft Visual Studio Solution File, Format Version 12.00
# Visual Studio Version 17
VisualStudioVersion = 17.5.33424.131
MinimumVisualStudioVersion = 10.0.40219.1
Project("{FAE04EC0-301F-11D3-BF4B-00C04F79EFBC}") = "clinic", "clinic\clinic.csproj", "{21088513-1E65-4D65-BE95-CA6DF0886235}"
EndProject
Global
	GlobalSection(SolutionConfigurationPlatforms) = preSolution
		Debug|Any CPU = Debug|Any CPU
		Release|Any CPU = Release|Any CPU
	EndGlobalSection
	GlobalSection(ProjectConfigurationPlatforms) = postSolution
		{21088513-1E65-4D65-BE95-CA6DF0886235}.Debug|Any CPU.ActiveCfg = Debug|Any CPU
		{21088513-1E65-4D65-BE95-CA6DF0886235}.Debug|Any CPU.Build.0 = Debug|Any CPU
		{21088513-1E65-4D65-BE95-CA6DF0886235}.Release|Any CPU.ActiveCfg = Release|Any CPU
		{21088513-1E65-4D65-BE95-CA6DF0886235}.Release|Any CPU.Build.0 = Release|Any CPU
	EndGlobalSection
	GlobalSection(SolutionProperties) = preSolution
		HideSolutionNode = FALSE
	EndGlobalSection
	GlobalSection(ExtensibilityGlobals) = postSolution
		SolutionGuid = {9FCCFB88-0DEB-4482-976D-87CB8329B3C2}
	EndGlobalSection
EndGlobal
